// !$*UTF8*$!
{
	archiveVersion = 1;
	classes = {
	};
	objectVersion = 55;
	objects = {

/* Begin PBXBuildFile section */
		11D1D966281AA91D00748060 /* SwiftUIDemoApp.swift in Sources */ = {isa = PBXBuildFile; fileRef = 11D1D965281AA91D00748060 /* SwiftUIDemoApp.swift */; };
		11D1D968281AA91D00748060 /* MainView.swift in Sources */ = {isa = PBXBuildFile; fileRef = 11D1D967281AA91D00748060 /* MainView.swift */; };
		11D1D96A281AA92000748060 /* Assets.xcassets in Resources */ = {isa = PBXBuildFile; fileRef = 11D1D969281AA92000748060 /* Assets.xcassets */; };
		11D1D96D281AA92000748060 /* Preview Assets.xcassets in Resources */ = {isa = PBXBuildFile; fileRef = 11D1D96C281AA92000748060 /* Preview Assets.xcassets */; };
		11D1D977281AA92000748060 /* SwiftUIDemoTests.swift in Sources */ = {isa = PBXBuildFile; fileRef = 11D1D976281AA92000748060 /* SwiftUIDemoTests.swift */; };
		11D1D981281AA92000748060 /* SwiftUIDemoUITests.swift in Sources */ = {isa = PBXBuildFile; fileRef = 11D1D980281AA92000748060 /* SwiftUIDemoUITests.swift */; };
		11D1D983281AA92000748060 /* SwiftUIDemoUITestsLaunchTests.swift in Sources */ = {isa = PBXBuildFile; fileRef = 11D1D982281AA92000748060 /* SwiftUIDemoUITestsLaunchTests.swift */; };
		11D1D991281AAC8E00748060 /* PublicFeedView.swift in Sources */ = {isa = PBXBuildFile; fileRef = 11D1D990281AAC8E00748060 /* PublicFeedView.swift */; };
		11D1D993281AACB200748060 /* SearchView.swift in Sources */ = {isa = PBXBuildFile; fileRef = 11D1D992281AACB200748060 /* SearchView.swift */; };
		11D1D996281AAE7C00748060 /* PublicFeedResponse.swift in Sources */ = {isa = PBXBuildFile; fileRef = 11D1D995281AAE7C00748060 /* PublicFeedResponse.swift */; };
		11D1D998281AAF7600748060 /* AsyncImageView.swift in Sources */ = {isa = PBXBuildFile; fileRef = 11D1D997281AAF7600748060 /* AsyncImageView.swift */; };
		11D1D99F281AB09600748060 /* APIClient.swift in Sources */ = {isa = PBXBuildFile; fileRef = 11D1D99E281AB09600748060 /* APIClient.swift */; };
		11D1D9A2281AB37600748060 /* SearchListViewModel.swift in Sources */ = {isa = PBXBuildFile; fileRef = 11D1D9A1281AB37600748060 /* SearchListViewModel.swift */; };
		11D1D9A4281AB3B900748060 /* SearchResponse.swift in Sources */ = {isa = PBXBuildFile; fileRef = 11D1D9A3281AB3B900748060 /* SearchResponse.swift */; };
		11D1D9A7281AB51400748060 /* String+Extensions.swift in Sources */ = {isa = PBXBuildFile; fileRef = 11D1D9A6281AB51400748060 /* String+Extensions.swift */; };
		11D1D9A9281ACBBC00748060 /* PhotoExifResponse.swift in Sources */ = {isa = PBXBuildFile; fileRef = 11D1D9A8281ACBBC00748060 /* PhotoExifResponse.swift */; };
		11D1D9AB281ACDDA00748060 /* PhotoMetaDataView.swift in Sources */ = {isa = PBXBuildFile; fileRef = 11D1D9AA281ACDDA00748060 /* PhotoMetaDataView.swift */; };
		11D1D9AD281AD17800748060 /* PhotoResponse.swift in Sources */ = {isa = PBXBuildFile; fileRef = 11D1D9AC281AD17800748060 /* PhotoResponse.swift */; };
		11D1D9AF281AD35500748060 /* PhotoView.swift in Sources */ = {isa = PBXBuildFile; fileRef = 11D1D9AE281AD35500748060 /* PhotoView.swift */; };
		11D1D9B5281AD7E400748060 /* Bundle+Extensions.swift in Sources */ = {isa = PBXBuildFile; fileRef = 11D1D9B4281AD7E400748060 /* Bundle+Extensions.swift */; };
		11D1D9B9281AE74E00748060 /* FullSizeImageView.swift in Sources */ = {isa = PBXBuildFile; fileRef = 11D1D9B8281AE74E00748060 /* FullSizeImageView.swift */; };
		11D1D9BB281AF39800748060 /* PhotoDetailsView.swift in Sources */ = {isa = PBXBuildFile; fileRef = 11D1D9BA281AF39800748060 /* PhotoDetailsView.swift */; };
/* End PBXBuildFile section */

/* Begin PBXContainerItemProxy section */
		11D1D973281AA92000748060 /* PBXContainerItemProxy */ = {
			isa = PBXContainerItemProxy;
			containerPortal = 11D1D95A281AA91D00748060 /* Project object */;
			proxyType = 1;
			remoteGlobalIDString = 11D1D961281AA91D00748060;
			remoteInfo = SwiftUIDemo;
		};
		11D1D97D281AA92000748060 /* PBXContainerItemProxy */ = {
			isa = PBXContainerItemProxy;
			containerPortal = 11D1D95A281AA91D00748060 /* Project object */;
			proxyType = 1;
			remoteGlobalIDString = 11D1D961281AA91D00748060;
			remoteInfo = SwiftUIDemo;
		};
/* End PBXContainerItemProxy section */

/* Begin PBXFileReference section */
		11D1D962281AA91D00748060 /* SwiftUIDemo.app */ = {isa = PBXFileReference; explicitFileType = wrapper.application; includeInIndex = 0; path = SwiftUIDemo.app; sourceTree = BUILT_PRODUCTS_DIR; };
		11D1D965281AA91D00748060 /* SwiftUIDemoApp.swift */ = {isa = PBXFileReference; lastKnownFileType = sourcecode.swift; path = SwiftUIDemoApp.swift; sourceTree = "<group>"; };
		11D1D967281AA91D00748060 /* MainView.swift */ = {isa = PBXFileReference; lastKnownFileType = sourcecode.swift; path = MainView.swift; sourceTree = "<group>"; };
		11D1D969281AA92000748060 /* Assets.xcassets */ = {isa = PBXFileReference; lastKnownFileType = folder.assetcatalog; path = Assets.xcassets; sourceTree = "<group>"; };
		11D1D96C281AA92000748060 /* Preview Assets.xcassets */ = {isa = PBXFileReference; lastKnownFileType = folder.assetcatalog; path = "Preview Assets.xcassets"; sourceTree = "<group>"; };
		11D1D972281AA92000748060 /* SwiftUIDemoTests.xctest */ = {isa = PBXFileReference; explicitFileType = wrapper.cfbundle; includeInIndex = 0; path = SwiftUIDemoTests.xctest; sourceTree = BUILT_PRODUCTS_DIR; };
		11D1D976281AA92000748060 /* SwiftUIDemoTests.swift */ = {isa = PBXFileReference; lastKnownFileType = sourcecode.swift; path = SwiftUIDemoTests.swift; sourceTree = "<group>"; };
		11D1D97C281AA92000748060 /* SwiftUIDemoUITests.xctest */ = {isa = PBXFileReference; explicitFileType = wrapper.cfbundle; includeInIndex = 0; path = SwiftUIDemoUITests.xctest; sourceTree = BUILT_PRODUCTS_DIR; };
		11D1D980281AA92000748060 /* SwiftUIDemoUITests.swift */ = {isa = PBXFileReference; lastKnownFileType = sourcecode.swift; path = SwiftUIDemoUITests.swift; sourceTree = "<group>"; };
		11D1D982281AA92000748060 /* SwiftUIDemoUITestsLaunchTests.swift */ = {isa = PBXFileReference; lastKnownFileType = sourcecode.swift; path = SwiftUIDemoUITestsLaunchTests.swift; sourceTree = "<group>"; };
		11D1D990281AAC8E00748060 /* PublicFeedView.swift */ = {isa = PBXFileReference; lastKnownFileType = sourcecode.swift; path = PublicFeedView.swift; sourceTree = "<group>"; };
		11D1D992281AACB200748060 /* SearchView.swift */ = {isa = PBXFileReference; lastKnownFileType = sourcecode.swift; path = SearchView.swift; sourceTree = "<group>"; };
		11D1D995281AAE7C00748060 /* PublicFeedResponse.swift */ = {isa = PBXFileReference; lastKnownFileType = sourcecode.swift; path = PublicFeedResponse.swift; sourceTree = "<group>"; };
		11D1D997281AAF7600748060 /* AsyncImageView.swift */ = {isa = PBXFileReference; lastKnownFileType = sourcecode.swift; path = AsyncImageView.swift; sourceTree = "<group>"; };
		11D1D99E281AB09600748060 /* APIClient.swift */ = {isa = PBXFileReference; lastKnownFileType = sourcecode.swift; path = APIClient.swift; sourceTree = "<group>"; };
		11D1D9A1281AB37600748060 /* SearchListViewModel.swift */ = {isa = PBXFileReference; lastKnownFileType = sourcecode.swift; path = SearchListViewModel.swift; sourceTree = "<group>"; };
		11D1D9A3281AB3B900748060 /* SearchResponse.swift */ = {isa = PBXFileReference; lastKnownFileType = sourcecode.swift; path = SearchResponse.swift; sourceTree = "<group>"; };
		11D1D9A6281AB51400748060 /* String+Extensions.swift */ = {isa = PBXFileReference; lastKnownFileType = sourcecode.swift; path = "String+Extensions.swift"; sourceTree = "<group>"; };
		11D1D9A8281ACBBC00748060 /* PhotoExifResponse.swift */ = {isa = PBXFileReference; lastKnownFileType = sourcecode.swift; path = PhotoExifResponse.swift; sourceTree = "<group>"; };
		11D1D9AA281ACDDA00748060 /* PhotoMetaDataView.swift */ = {isa = PBXFileReference; lastKnownFileType = sourcecode.swift; path = PhotoMetaDataView.swift; sourceTree = "<group>"; };
		11D1D9AC281AD17800748060 /* PhotoResponse.swift */ = {isa = PBXFileReference; lastKnownFileType = sourcecode.swift; path = PhotoResponse.swift; sourceTree = "<group>"; };
		11D1D9AE281AD35500748060 /* PhotoView.swift */ = {isa = PBXFileReference; lastKnownFileType = sourcecode.swift; path = PhotoView.swift; sourceTree = "<group>"; };
		11D1D9B4281AD7E400748060 /* Bundle+Extensions.swift */ = {isa = PBXFileReference; lastKnownFileType = sourcecode.swift; path = "Bundle+Extensions.swift"; sourceTree = "<group>"; };
		11D1D9B8281AE74E00748060 /* FullSizeImageView.swift */ = {isa = PBXFileReference; lastKnownFileType = sourcecode.swift; path = FullSizeImageView.swift; sourceTree = "<group>"; };
		11D1D9BA281AF39800748060 /* PhotoDetailsView.swift */ = {isa = PBXFileReference; lastKnownFileType = sourcecode.swift; path = PhotoDetailsView.swift; sourceTree = "<group>"; };
/* End PBXFileReference section */

/* Begin PBXFrameworksBuildPhase section */
		11D1D95F281AA91D00748060 /* Frameworks */ = {
			isa = PBXFrameworksBuildPhase;
			buildActionMask = 2147483647;
			files = (
			);
			runOnlyForDeploymentPostprocessing = 0;
		};
		11D1D96F281AA92000748060 /* Frameworks */ = {
			isa = PBXFrameworksBuildPhase;
			buildActionMask = 2147483647;
			files = (
			);
			runOnlyForDeploymentPostprocessing = 0;
		};
		11D1D979281AA92000748060 /* Frameworks */ = {
			isa = PBXFrameworksBuildPhase;
			buildActionMask = 2147483647;
			files = (
			);
			runOnlyForDeploymentPostprocessing = 0;
		};
/* End PBXFrameworksBuildPhase section */

/* Begin PBXGroup section */
		11D1D959281AA91D00748060 = {
			isa = PBXGroup;
			children = (
				11D1D964281AA91D00748060 /* SwiftUIDemo */,
				11D1D975281AA92000748060 /* SwiftUIDemoTests */,
				11D1D97F281AA92000748060 /* SwiftUIDemoUITests */,
				11D1D963281AA91D00748060 /* Products */,
			);
			sourceTree = "<group>";
		};
		11D1D963281AA91D00748060 /* Products */ = {
			isa = PBXGroup;
			children = (
				11D1D962281AA91D00748060 /* SwiftUIDemo.app */,
				11D1D972281AA92000748060 /* SwiftUIDemoTests.xctest */,
				11D1D97C281AA92000748060 /* SwiftUIDemoUITests.xctest */,
			);
			name = Products;
			sourceTree = "<group>";
		};
		11D1D964281AA91D00748060 /* SwiftUIDemo */ = {
			isa = PBXGroup;
			children = (
				11D1D965281AA91D00748060 /* SwiftUIDemoApp.swift */,
				11D1D969281AA92000748060 /* Assets.xcassets */,
				11D1D994281AAE4700748060 /* API Response */,
				11D1D9A5281AB4FE00748060 /* Extensons */,
				11D1D9A0281AB30800748060 /* Model */,
				11D1D96B281AA92000748060 /* Preview Content */,
				11D1D999281AAFDC00748060 /* Services */,
				11D1D98F281AAC0400748060 /* Views */,
			);
			path = SwiftUIDemo;
			sourceTree = "<group>";
		};
		11D1D96B281AA92000748060 /* Preview Content */ = {
			isa = PBXGroup;
			children = (
				11D1D96C281AA92000748060 /* Preview Assets.xcassets */,
			);
			path = "Preview Content";
			sourceTree = "<group>";
		};
		11D1D975281AA92000748060 /* SwiftUIDemoTests */ = {
			isa = PBXGroup;
			children = (
				11D1D976281AA92000748060 /* SwiftUIDemoTests.swift */,
			);
			path = SwiftUIDemoTests;
			sourceTree = "<group>";
		};
		11D1D97F281AA92000748060 /* SwiftUIDemoUITests */ = {
			isa = PBXGroup;
			children = (
				11D1D980281AA92000748060 /* SwiftUIDemoUITests.swift */,
				11D1D982281AA92000748060 /* SwiftUIDemoUITestsLaunchTests.swift */,
			);
			path = SwiftUIDemoUITests;
			sourceTree = "<group>";
		};
		11D1D98F281AAC0400748060 /* Views */ = {
			isa = PBXGroup;
			children = (
				11D1D997281AAF7600748060 /* AsyncImageView.swift */,
				11D1D967281AA91D00748060 /* MainView.swift */,
				11D1D9AA281ACDDA00748060 /* PhotoMetaDataView.swift */,
				11D1D9AE281AD35500748060 /* PhotoView.swift */,
				11D1D990281AAC8E00748060 /* PublicFeedView.swift */,
				11D1D992281AACB200748060 /* SearchView.swift */,
				11D1D9B8281AE74E00748060 /* FullSizeImageView.swift */,
				11D1D9BA281AF39800748060 /* PhotoDetailsView.swift */,
			);
			path = Views;
			sourceTree = "<group>";
		};
		11D1D994281AAE4700748060 /* API Response */ = {
			isa = PBXGroup;
			children = (
				11D1D995281AAE7C00748060 /* PublicFeedResponse.swift */,
				11D1D9A3281AB3B900748060 /* SearchResponse.swift */,
				11D1D9A8281ACBBC00748060 /* PhotoExifResponse.swift */,
				11D1D9AC281AD17800748060 /* PhotoResponse.swift */,
			);
			path = "API Response";
			sourceTree = "<group>";
		};
		11D1D999281AAFDC00748060 /* Services */ = {
			isa = PBXGroup;
			children = (
				11D1D99E281AB09600748060 /* APIClient.swift */,
			);
			path = Services;
			sourceTree = "<group>";
		};
		11D1D9A0281AB30800748060 /* Model */ = {
			isa = PBXGroup;
			children = (
				11D1D9A1281AB37600748060 /* SearchListViewModel.swift */,
			);
			path = Model;
			sourceTree = "<group>";
		};
		11D1D9A5281AB4FE00748060 /* Extensons */ = {
			isa = PBXGroup;
			children = (
				11D1D9A6281AB51400748060 /* String+Extensions.swift */,
				11D1D9B4281AD7E400748060 /* Bundle+Extensions.swift */,
			);
			path = Extensons;
			sourceTree = "<group>";
		};
/* End PBXGroup section */

/* Begin PBXNativeTarget section */
		11D1D961281AA91D00748060 /* SwiftUIDemo */ = {
			isa = PBXNativeTarget;
			buildConfigurationList = 11D1D986281AA92000748060 /* Build configuration list for PBXNativeTarget "SwiftUIDemo" */;
			buildPhases = (
				11D1D95E281AA91D00748060 /* Sources */,
				11D1D95F281AA91D00748060 /* Frameworks */,
				11D1D960281AA91D00748060 /* Resources */,
			);
			buildRules = (
			);
			dependencies = (
			);
			name = SwiftUIDemo;
			productName = SwiftUIDemo;
			productReference = 11D1D962281AA91D00748060 /* SwiftUIDemo.app */;
			productType = "com.apple.product-type.application";
		};
		11D1D971281AA92000748060 /* SwiftUIDemoTests */ = {
			isa = PBXNativeTarget;
			buildConfigurationList = 11D1D989281AA92000748060 /* Build configuration list for PBXNativeTarget "SwiftUIDemoTests" */;
			buildPhases = (
				11D1D96E281AA92000748060 /* Sources */,
				11D1D96F281AA92000748060 /* Frameworks */,
				11D1D970281AA92000748060 /* Resources */,
			);
			buildRules = (
			);
			dependencies = (
				11D1D974281AA92000748060 /* PBXTargetDependency */,
			);
			name = SwiftUIDemoTests;
			productName = SwiftUIDemoTests;
			productReference = 11D1D972281AA92000748060 /* SwiftUIDemoTests.xctest */;
			productType = "com.apple.product-type.bundle.unit-test";
		};
		11D1D97B281AA92000748060 /* SwiftUIDemoUITests */ = {
			isa = PBXNativeTarget;
			buildConfigurationList = 11D1D98C281AA92000748060 /* Build configuration list for PBXNativeTarget "SwiftUIDemoUITests" */;
			buildPhases = (
				11D1D978281AA92000748060 /* Sources */,
				11D1D979281AA92000748060 /* Frameworks */,
				11D1D97A281AA92000748060 /* Resources */,
			);
			buildRules = (
			);
			dependencies = (
				11D1D97E281AA92000748060 /* PBXTargetDependency */,
			);
			name = SwiftUIDemoUITests;
			productName = SwiftUIDemoUITests;
			productReference = 11D1D97C281AA92000748060 /* SwiftUIDemoUITests.xctest */;
			productType = "com.apple.product-type.bundle.ui-testing";
		};
/* End PBXNativeTarget section */

/* Begin PBXProject section */
		11D1D95A281AA91D00748060 /* Project object */ = {
			isa = PBXProject;
			attributes = {
				BuildIndependentTargetsInParallel = 1;
				LastSwiftUpdateCheck = 1330;
				LastUpgradeCheck = 1330;
				TargetAttributes = {
					11D1D961281AA91D00748060 = {
						CreatedOnToolsVersion = 13.3;
						LastSwiftMigration = 1330;
					};
					11D1D971281AA92000748060 = {
						CreatedOnToolsVersion = 13.3;
						TestTargetID = 11D1D961281AA91D00748060;
					};
					11D1D97B281AA92000748060 = {
						CreatedOnToolsVersion = 13.3;
						TestTargetID = 11D1D961281AA91D00748060;
					};
				};
			};
			buildConfigurationList = 11D1D95D281AA91D00748060 /* Build configuration list for PBXProject "SwiftUIDemo" */;
			compatibilityVersion = "Xcode 13.0";
			developmentRegion = en;
			hasScannedForEncodings = 0;
			knownRegions = (
				en,
				Base,
			);
			mainGroup = 11D1D959281AA91D00748060;
			productRefGroup = 11D1D963281AA91D00748060 /* Products */;
			projectDirPath = "";
			projectRoot = "";
			targets = (
				11D1D961281AA91D00748060 /* SwiftUIDemo */,
				11D1D971281AA92000748060 /* SwiftUIDemoTests */,
				11D1D97B281AA92000748060 /* SwiftUIDemoUITests */,
			);
		};
/* End PBXProject section */

/* Begin PBXResourcesBuildPhase section */
		11D1D960281AA91D00748060 /* Resources */ = {
			isa = PBXResourcesBuildPhase;
			buildActionMask = 2147483647;
			files = (
				11D1D96D281AA92000748060 /* Preview Assets.xcassets in Resources */,
				11D1D96A281AA92000748060 /* Assets.xcassets in Resources */,
			);
			runOnlyForDeploymentPostprocessing = 0;
		};
		11D1D970281AA92000748060 /* Resources */ = {
			isa = PBXResourcesBuildPhase;
			buildActionMask = 2147483647;
			files = (
			);
			runOnlyForDeploymentPostprocessing = 0;
		};
		11D1D97A281AA92000748060 /* Resources */ = {
			isa = PBXResourcesBuildPhase;
			buildActionMask = 2147483647;
			files = (
			);
			runOnlyForDeploymentPostprocessing = 0;
		};
/* End PBXResourcesBuildPhase section */

/* Begin PBXSourcesBuildPhase section */
		11D1D95E281AA91D00748060 /* Sources */ = {
			isa = PBXSourcesBuildPhase;
			buildActionMask = 2147483647;
			files = (
				11D1D993281AACB200748060 /* SearchView.swift in Sources */,
				11D1D9BB281AF39800748060 /* PhotoDetailsView.swift in Sources */,
				11D1D9B9281AE74E00748060 /* FullSizeImageView.swift in Sources */,
				11D1D9A7281AB51400748060 /* String+Extensions.swift in Sources */,
				11D1D968281AA91D00748060 /* MainView.swift in Sources */,
				11D1D9AF281AD35500748060 /* PhotoView.swift in Sources */,
				11D1D966281AA91D00748060 /* SwiftUIDemoApp.swift in Sources */,
				11D1D99F281AB09600748060 /* APIClient.swift in Sources */,
				11D1D996281AAE7C00748060 /* PublicFeedResponse.swift in Sources */,
				11D1D9B5281AD7E400748060 /* Bundle+Extensions.swift in Sources */,
				11D1D9A2281AB37600748060 /* SearchListViewModel.swift in Sources */,
				11D1D9A9281ACBBC00748060 /* PhotoExifResponse.swift in Sources */,
				11D1D9AB281ACDDA00748060 /* PhotoMetaDataView.swift in Sources */,
				11D1D9AD281AD17800748060 /* PhotoResponse.swift in Sources */,
				11D1D9A4281AB3B900748060 /* SearchResponse.swift in Sources */,
				11D1D991281AAC8E00748060 /* PublicFeedView.swift in Sources */,
				11D1D998281AAF7600748060 /* AsyncImageView.swift in Sources */,
			);
			runOnlyForDeploymentPostprocessing = 0;
		};
		11D1D96E281AA92000748060 /* Sources */ = {
			isa = PBXSourcesBuildPhase;
			buildActionMask = 2147483647;
			files = (
				11D1D977281AA92000748060 /* SwiftUIDemoTests.swift in Sources */,
			);
			runOnlyForDeploymentPostprocessing = 0;
		};
		11D1D978281AA92000748060 /* Sources */ = {
			isa = PBXSourcesBuildPhase;
			buildActionMask = 2147483647;
			files = (
				11D1D981281AA92000748060 /* SwiftUIDemoUITests.swift in Sources */,
				11D1D983281AA92000748060 /* SwiftUIDemoUITestsLaunchTests.swift in Sources */,
			);
			runOnlyForDeploymentPostprocessing = 0;
		};
/* End PBXSourcesBuildPhase section */

/* Begin PBXTargetDependency section */
		11D1D974281AA92000748060 /* PBXTargetDependency */ = {
			isa = PBXTargetDependency;
			target = 11D1D961281AA91D00748060 /* SwiftUIDemo */;
			targetProxy = 11D1D973281AA92000748060 /* PBXContainerItemProxy */;
		};
		11D1D97E281AA92000748060 /* PBXTargetDependency */ = {
			isa = PBXTargetDependency;
			target = 11D1D961281AA91D00748060 /* SwiftUIDemo */;
			targetProxy = 11D1D97D281AA92000748060 /* PBXContainerItemProxy */;
		};
/* End PBXTargetDependency section */

/* Begin XCBuildConfiguration section */
		11D1D984281AA92000748060 /* Debug */ = {
			isa = XCBuildConfiguration;
			buildSettings = {
				ALWAYS_SEARCH_USER_PATHS = NO;
				CLANG_ANALYZER_NONNULL = YES;
				CLANG_ANALYZER_NUMBER_OBJECT_CONVERSION = YES_AGGRESSIVE;
				CLANG_CXX_LANGUAGE_STANDARD = "gnu++17";
				CLANG_ENABLE_MODULES = YES;
				CLANG_ENABLE_OBJC_ARC = YES;
				CLANG_ENABLE_OBJC_WEAK = YES;
				CLANG_WARN_BLOCK_CAPTURE_AUTORELEASING = YES;
				CLANG_WARN_BOOL_CONVERSION = YES;
				CLANG_WARN_COMMA = YES;
				CLANG_WARN_CONSTANT_CONVERSION = YES;
				CLANG_WARN_DEPRECATED_OBJC_IMPLEMENTATIONS = YES;
				CLANG_WARN_DIRECT_OBJC_ISA_USAGE = YES_ERROR;
				CLANG_WARN_DOCUMENTATION_COMMENTS = YES;
				CLANG_WARN_EMPTY_BODY = YES;
				CLANG_WARN_ENUM_CONVERSION = YES;
				CLANG_WARN_INFINITE_RECURSION = YES;
				CLANG_WARN_INT_CONVERSION = YES;
				CLANG_WARN_NON_LITERAL_NULL_CONVERSION = YES;
				CLANG_WARN_OBJC_IMPLICIT_RETAIN_SELF = YES;
				CLANG_WARN_OBJC_LITERAL_CONVERSION = YES;
				CLANG_WARN_OBJC_ROOT_CLASS = YES_ERROR;
				CLANG_WARN_QUOTED_INCLUDE_IN_FRAMEWORK_HEADER = YES;
				CLANG_WARN_RANGE_LOOP_ANALYSIS = YES;
				CLANG_WARN_STRICT_PROTOTYPES = YES;
				CLANG_WARN_SUSPICIOUS_MOVE = YES;
				CLANG_WARN_UNGUARDED_AVAILABILITY = YES_AGGRESSIVE;
				CLANG_WARN_UNREACHABLE_CODE = YES;
				CLANG_WARN__DUPLICATE_METHOD_MATCH = YES;
				COPY_PHASE_STRIP = NO;
				DEBUG_INFORMATION_FORMAT = dwarf;
				ENABLE_STRICT_OBJC_MSGSEND = YES;
				ENABLE_TESTABILITY = YES;
				GCC_C_LANGUAGE_STANDARD = gnu11;
				GCC_DYNAMIC_NO_PIC = NO;
				GCC_NO_COMMON_BLOCKS = YES;
				GCC_OPTIMIZATION_LEVEL = 0;
				GCC_PREPROCESSOR_DEFINITIONS = (
					"DEBUG=1",
					"$(inherited)",
				);
				GCC_WARN_64_TO_32_BIT_CONVERSION = YES;
				GCC_WARN_ABOUT_RETURN_TYPE = YES_ERROR;
				GCC_WARN_UNDECLARED_SELECTOR = YES;
				GCC_WARN_UNINITIALIZED_AUTOS = YES_AGGRESSIVE;
				GCC_WARN_UNUSED_FUNCTION = YES;
				GCC_WARN_UNUSED_VARIABLE = YES;
				IPHONEOS_DEPLOYMENT_TARGET = 15.4;
				MTL_ENABLE_DEBUG_INFO = INCLUDE_SOURCE;
				MTL_FAST_MATH = YES;
				ONLY_ACTIVE_ARCH = YES;
				SDKROOT = iphoneos;
				SWIFT_ACTIVE_COMPILATION_CONDITIONS = DEBUG;
				SWIFT_OPTIMIZATION_LEVEL = "-Onone";
			};
			name = Debug;
		};
		11D1D985281AA92000748060 /* Release */ = {
			isa = XCBuildConfiguration;
			buildSettings = {
				ALWAYS_SEARCH_USER_PATHS = NO;
				CLANG_ANALYZER_NONNULL = YES;
				CLANG_ANALYZER_NUMBER_OBJECT_CONVERSION = YES_AGGRESSIVE;
				CLANG_CXX_LANGUAGE_STANDARD = "gnu++17";
				CLANG_ENABLE_MODULES = YES;
				CLANG_ENABLE_OBJC_ARC = YES;
				CLANG_ENABLE_OBJC_WEAK = YES;
				CLANG_WARN_BLOCK_CAPTURE_AUTORELEASING = YES;
				CLANG_WARN_BOOL_CONVERSION = YES;
				CLANG_WARN_COMMA = YES;
				CLANG_WARN_CONSTANT_CONVERSION = YES;
				CLANG_WARN_DEPRECATED_OBJC_IMPLEMENTATIONS = YES;
				CLANG_WARN_DIRECT_OBJC_ISA_USAGE = YES_ERROR;
				CLANG_WARN_DOCUMENTATION_COMMENTS = YES;
				CLANG_WARN_EMPTY_BODY = YES;
				CLANG_WARN_ENUM_CONVERSION = YES;
				CLANG_WARN_INFINITE_RECURSION = YES;
				CLANG_WARN_INT_CONVERSION = YES;
				CLANG_WARN_NON_LITERAL_NULL_CONVERSION = YES;
				CLANG_WARN_OBJC_IMPLICIT_RETAIN_SELF = YES;
				CLANG_WARN_OBJC_LITERAL_CONVERSION = YES;
				CLANG_WARN_OBJC_ROOT_CLASS = YES_ERROR;
				CLANG_WARN_QUOTED_INCLUDE_IN_FRAMEWORK_HEADER = YES;
				CLANG_WARN_RANGE_LOOP_ANALYSIS = YES;
				CLANG_WARN_STRICT_PROTOTYPES = YES;
				CLANG_WARN_SUSPICIOUS_MOVE = YES;
				CLANG_WARN_UNGUARDED_AVAILABILITY = YES_AGGRESSIVE;
				CLANG_WARN_UNREACHABLE_CODE = YES;
				CLANG_WARN__DUPLICATE_METHOD_MATCH = YES;
				COPY_PHASE_STRIP = NO;
				DEBUG_INFORMATION_FORMAT = "dwarf-with-dsym";
				ENABLE_NS_ASSERTIONS = NO;
				ENABLE_STRICT_OBJC_MSGSEND = YES;
				GCC_C_LANGUAGE_STANDARD = gnu11;
				GCC_NO_COMMON_BLOCKS = YES;
				GCC_WARN_64_TO_32_BIT_CONVERSION = YES;
				GCC_WARN_ABOUT_RETURN_TYPE = YES_ERROR;
				GCC_WARN_UNDECLARED_SELECTOR = YES;
				GCC_WARN_UNINITIALIZED_AUTOS = YES_AGGRESSIVE;
				GCC_WARN_UNUSED_FUNCTION = YES;
				GCC_WARN_UNUSED_VARIABLE = YES;
				IPHONEOS_DEPLOYMENT_TARGET = 15.4;
				MTL_ENABLE_DEBUG_INFO = NO;
				MTL_FAST_MATH = YES;
				SDKROOT = iphoneos;
				SWIFT_COMPILATION_MODE = wholemodule;
				SWIFT_OPTIMIZATION_LEVEL = "-O";
				VALIDATE_PRODUCT = YES;
			};
			name = Release;
		};
		11D1D987281AA92000748060 /* Debug */ = {
			isa = XCBuildConfiguration;
			buildSettings = {
				ASSETCATALOG_COMPILER_APPICON_NAME = AppIcon;
				ASSETCATALOG_COMPILER_GLOBAL_ACCENT_COLOR_NAME = AccentColor;
				CLANG_ENABLE_MODULES = YES;
				CODE_SIGN_STYLE = Automatic;
				CURRENT_PROJECT_VERSION = 1;
				DEVELOPMENT_ASSET_PATHS = "\"SwiftUIDemo/Preview Content\"";
				ENABLE_PREVIEWS = YES;
				GENERATE_INFOPLIST_FILE = YES;
				INFOPLIST_KEY_UIApplicationSceneManifest_Generation = YES;
				INFOPLIST_KEY_UIApplicationSupportsIndirectInputEvents = YES;
				INFOPLIST_KEY_UILaunchScreen_Generation = YES;
				INFOPLIST_KEY_UISupportedInterfaceOrientations_iPad = "UIInterfaceOrientationPortrait UIInterfaceOrientationPortraitUpsideDown UIInterfaceOrientationLandscapeLeft UIInterfaceOrientationLandscapeRight";
				INFOPLIST_KEY_UISupportedInterfaceOrientations_iPhone = "UIInterfaceOrientationPortrait UIInterfaceOrientationLandscapeLeft UIInterfaceOrientationLandscapeRight";
				LD_RUNPATH_SEARCH_PATHS = (
					"$(inherited)",
					"@executable_path/Frameworks",
				);
				MARKETING_VERSION = 1.0;
				PRODUCT_BUNDLE_IDENTIFIER = com.nitesh.SwiftUIDemo;
				PRODUCT_NAME = "$(TARGET_NAME)";
				SWIFT_EMIT_LOC_STRINGS = YES;
				SWIFT_OPTIMIZATION_LEVEL = "-Onone";
				SWIFT_VERSION = 5.0;
				TARGETED_DEVICE_FAMILY = "1,2";
			};
			name = Debug;
		};
		11D1D988281AA92000748060 /* Release */ = {
			isa = XCBuildConfiguration;
			buildSettings = {
				ASSETCATALOG_COMPILER_APPICON_NAME = AppIcon;
				ASSETCATALOG_COMPILER_GLOBAL_ACCENT_COLOR_NAME = AccentColor;
				CLANG_ENABLE_MODULES = YES;
				CODE_SIGN_STYLE = Automatic;
				CURRENT_PROJECT_VERSION = 1;
				DEVELOPMENT_ASSET_PATHS = "\"SwiftUIDemo/Preview Content\"";
				ENABLE_PREVIEWS = YES;
				GENERATE_INFOPLIST_FILE = YES;
				INFOPLIST_KEY_UIApplicationSceneManifest_Generation = YES;
				INFOPLIST_KEY_UIApplicationSupportsIndirectInputEvents = YES;
				INFOPLIST_KEY_UILaunchScreen_Generation = YES;
				INFOPLIST_KEY_UISupportedInterfaceOrientations_iPad = "UIInterfaceOrientationPortrait UIInterfaceOrientationPortraitUpsideDown UIInterfaceOrientationLandscapeLeft UIInterfaceOrientationLandscapeRight";
				INFOPLIST_KEY_UISupportedInterfaceOrientations_iPhone = "UIInterfaceOrientationPortrait UIInterfaceOrientationLandscapeLeft UIInterfaceOrientationLandscapeRight";
				LD_RUNPATH_SEARCH_PATHS = (
					"$(inherited)",
					"@executable_path/Frameworks",
				);
				MARKETING_VERSION = 1.0;
				PRODUCT_BUNDLE_IDENTIFIER = com.nitesh.SwiftUIDemo;
				PRODUCT_NAME = "$(TARGET_NAME)";
				SWIFT_EMIT_LOC_STRINGS = YES;
				SWIFT_VERSION = 5.0;
				TARGETED_DEVICE_FAMILY = "1,2";
			};
			name = Release;
		};
		11D1D98A281AA92000748060 /* Debug */ = {
			isa = XCBuildConfiguration;
			buildSettings = {
				ALWAYS_EMBED_SWIFT_STANDARD_LIBRARIES = YES;
				BUNDLE_LOADER = "$(TEST_HOST)";
				CODE_SIGN_STYLE = Automatic;
				CURRENT_PROJECT_VERSION = 1;
				GENERATE_INFOPLIST_FILE = YES;
				IPHONEOS_DEPLOYMENT_TARGET = 15.4;
				MARKETING_VERSION = 1.0;
				PRODUCT_BUNDLE_IDENTIFIER = com.nitesh.SwiftUIDemoTests;
				PRODUCT_NAME = "$(TARGET_NAME)";
				SWIFT_EMIT_LOC_STRINGS = NO;
				SWIFT_VERSION = 5.0;
				TARGETED_DEVICE_FAMILY = "1,2";
				TEST_HOST = "$(BUILT_PRODUCTS_DIR)/SwiftUIDemo.app/SwiftUIDemo";
			};
			name = Debug;
		};
		11D1D98B281AA92000748060 /* Release */ = {
			isa = XCBuildConfiguration;
			buildSettings = {
				ALWAYS_EMBED_SWIFT_STANDARD_LIBRARIES = YES;
				BUNDLE_LOADER = "$(TEST_HOST)";
				CODE_SIGN_STYLE = Automatic;
				CURRENT_PROJECT_VERSION = 1;
				GENERATE_INFOPLIST_FILE = YES;
				IPHONEOS_DEPLOYMENT_TARGET = 15.4;
				MARKETING_VERSION = 1.0;
				PRODUCT_BUNDLE_IDENTIFIER = com.nitesh.SwiftUIDemoTests;
				PRODUCT_NAME = "$(TARGET_NAME)";
				SWIFT_EMIT_LOC_STRINGS = NO;
				SWIFT_VERSION = 5.0;
				TARGETED_DEVICE_FAMILY = "1,2";
				TEST_HOST = "$(BUILT_PRODUCTS_DIR)/SwiftUIDemo.app/SwiftUIDemo";
			};
			name = Release;
		};
		11D1D98D281AA92000748060 /* Debug */ = {
			isa = XCBuildConfiguration;
			buildSettings = {
				ALWAYS_EMBED_SWIFT_STANDARD_LIBRARIES = YES;
				CODE_SIGN_STYLE = Automatic;
				CURRENT_PROJECT_VERSION = 1;
				GENERATE_INFOPLIST_FILE = YES;
				MARKETING_VERSION = 1.0;
				PRODUCT_BUNDLE_IDENTIFIER = com.nitesh.SwiftUIDemoUITests;
				PRODUCT_NAME = "$(TARGET_NAME)";
				SWIFT_EMIT_LOC_STRINGS = NO;
				SWIFT_VERSION = 5.0;
				TARGETED_DEVICE_FAMILY = "1,2";
				TEST_TARGET_NAME = SwiftUIDemo;
			};
			name = Debug;
		};
		11D1D98E281AA92000748060 /* Release */ = {
			isa = XCBuildConfiguration;
			buildSettings = {
				ALWAYS_EMBED_SWIFT_STANDARD_LIBRARIES = YES;
				CODE_SIGN_STYLE = Automatic;
				CURRENT_PROJECT_VERSION = 1;
				GENERATE_INFOPLIST_FILE = YES;
				MARKETING_VERSION = 1.0;
				PRODUCT_BUNDLE_IDENTIFIER = com.nitesh.SwiftUIDemoUITests;
				PRODUCT_NAME = "$(TARGET_NAME)";
				SWIFT_EMIT_LOC_STRINGS = NO;
				SWIFT_VERSION = 5.0;
				TARGETED_DEVICE_FAMILY = "1,2";
				TEST_TARGET_NAME = SwiftUIDemo;
			};
			name = Release;
		};
/* End XCBuildConfiguration section */

/* Begin XCConfigurationList section */
		11D1D95D281AA91D00748060 /* Build configuration list for PBXProject "SwiftUIDemo" */ = {
			isa = XCConfigurationList;
			buildConfigurations = (
				11D1D984281AA92000748060 /* Debug */,
				11D1D985281AA92000748060 /* Release */,
			);
			defaultConfigurationIsVisible = 0;
			defaultConfigurationName = Release;
		};
		11D1D986281AA92000748060 /* Build configuration list for PBXNativeTarget "SwiftUIDemo" */ = {
			isa = XCConfigurationList;
			buildConfigurations = (
				11D1D987281AA92000748060 /* Debug */,
				11D1D988281AA92000748060 /* Release */,
			);
			defaultConfigurationIsVisible = 0;
			defaultConfigurationName = Release;
		};
		11D1D989281AA92000748060 /* Build configuration list for PBXNativeTarget "SwiftUIDemoTests" */ = {
			isa = XCConfigurationList;
			buildConfigurations = (
				11D1D98A281AA92000748060 /* Debug */,
				11D1D98B281AA92000748060 /* Release */,
			);
			defaultConfigurationIsVisible = 0;
			defaultConfigurationName = Release;
		};
		11D1D98C281AA92000748060 /* Build configuration list for PBXNativeTarget "SwiftUIDemoUITests" */ = {
			isa = XCConfigurationList;
			buildConfigurations = (
				11D1D98D281AA92000748060 /* Debug */,
				11D1D98E281AA92000748060 /* Release */,
			);
			defaultConfigurationIsVisible = 0;
			defaultConfigurationName = Release;
		};
/* End XCConfigurationList section */
	};
	rootObject = 11D1D95A281AA91D00748060 /* Project object */;
}
